
Microsoft Visual Studio Solution File, Format Version 12.00
# Visual Studio Version 17
VisualStudioVersion = 17.10.35122.118
MinimumVisualStudioVersion = 10.0.40219.1
Project("{FAE04EC0-301F-11D3-BF4B-00C04F79EFBC}") = "WebApplication1", "WebApplication1.csproj", "{DF473695-EF8E-4F58-B89E-F9742ACF96C5}"
EndProject
Global
	GlobalSection(SolutionConfigurationPlatforms) = preSolution
		Debug|Any CPU = Debug|Any CPU
		Release|Any CPU = Release|Any CPU
	EndGlobalSection
	GlobalSection(ProjectConfigurationPlatforms) = postSolution
		{DF473695-EF8E-4F58-B89E-F9742ACF96C5}.Debug|Any CPU.ActiveCfg = Debug|Any CPU
		{DF473695-EF8E-4F58-B89E-F9742ACF96C5}.Debug|Any CPU.Build.0 = Debug|Any CPU
		{DF473695-EF8E-4F58-B89E-F9742ACF96C5}.Release|Any CPU.ActiveCfg = Release|Any CPU
		{DF473695-EF8E-4F58-B89E-F9742ACF96C5}.Release|Any CPU.Build.0 = Release|Any CPU
	EndGlobalSection
	GlobalSection(SolutionProperties) = preSolution
		HideSolutionNode = FALSE
	EndGlobalSection
	GlobalSection(ExtensibilityGlobals) = postSolution
		SolutionGuid = {31E8D5F5-8CBF-494F-8F6B-AEE88E970FD0}
	EndGlobalSection
EndGlobal
